{
  "version": "2",
  "remote": {
    "https://cdn.skypack.dev/-/argsarray@v0.0.1-Re4xFllK2yOPV1bB2lHM/dist=es2020,mode=imports/optimized/argsarray.js": "bb4106096b2ac9b3bdfe941564050fb4766d39a75a8c22f5f61356f63fd2b8fe",
    "https://cdn.skypack.dev/-/immediate@v3.3.0-eUEi0sql9WWEFvjSWGFg/dist=es2020,mode=imports/optimized/immediate.js": "88fcd56a4979b00c084943654b81dbf9d9d8f8d4dc003ad6dc4bbe33334d0f8d",
    "https://cdn.skypack.dev/-/indexeddbshim@v9.0.0-QVaW8rBIOGlJegwkWTsK/dist=es2020,mode=imports/unoptimized/dist/indexeddbshim-noninvasive.js": "036e9191db93ef296b84a8a59192d4851f231e3b76a638543491cf81fe08b666",
    "https://cdn.skypack.dev/-/inherits@v2.0.4-KMaJYACWZTuZGLpDmPB5/dist=es2020,mode=imports/optimized/inherits.js": "7dcafb2d3af9496f5ac53efdcfdb0badd089b592c117476dd5989065f4c33a49",
    "https://cdn.skypack.dev/-/pouchdb-abstract-mapreduce@v7.3.0-fMORG4ocVW5OgreqkBuR/dist=es2020,mode=imports/optimized/pouchdb-abstract-mapreduce.js": "b5126de011968498d5a4c002aae6f261732e474d01d71a3367d0bff4d797c74c",
    "https://cdn.skypack.dev/-/pouchdb-adapter-http@v7.3.0-wNzBHi1B5WLNzMPlTnWb/dist=es2020,mode=imports/optimized/pouchdb-adapter-http.js": "e6bf2933c4e87f39a30995bfd29d141e8912ab2068e1beaf2ddca6a7606d12a0",
    "https://cdn.skypack.dev/-/pouchdb-adapter-idb@v7.3.0-zIdGq675NuTdgkAjGFSh/dist=es2020,mode=imports/optimized/pouchdb-adapter-idb.js": "d610fbaaab7014a70cb752c44792f14941f04a62ae6dd0a6f15aedfa08db498c",
    "https://cdn.skypack.dev/-/pouchdb-adapter-utils@v7.3.0-HAuHaBCKqnQCWVHSh0CE/dist=es2020,mode=imports/optimized/pouchdb-adapter-utils.js": "0cf6e4a64bab3c7fb190e6f620916b23182e4789ec164c2686a83c6e6d629cf6",
    "https://cdn.skypack.dev/-/pouchdb-binary-utils@v7.3.0-nbM9O3PTtER73MW08VHL/dist=es2020,mode=imports/optimized/pouchdb-binary-utils.js": "259d51f59c5fe21c8622c3b9ee31322f1aad777325d6763246d1088ca025014d",
    "https://cdn.skypack.dev/-/pouchdb-changes-filter@v7.3.0-i2nCRKrVO4SVheQqH1VH/dist=es2020,mode=imports/optimized/pouchdb-changes-filter.js": "2d2581347ab363285d0cf67a06249895a6580fcf38f4bf9fd34910a6a349500e",
    "https://cdn.skypack.dev/-/pouchdb-checkpointer@v7.3.0-FgVgNyKQoYg7STKScPyW/dist=es2020,mode=imports/optimized/pouchdb-checkpointer.js": "8482f659ca54bd1161ab2f5fe996eaac443cb80a55ad5248e8670d7609fe09d5",
    "https://cdn.skypack.dev/-/pouchdb-collate@v7.3.0-uISbLVYNp6Ary8ZnWDk6/dist=es2020,mode=imports/optimized/pouchdb-collate.js": "c26d78ed7ba8b13c04525f920fcc7389807ccb9a53aa00e76559f4ce5e1d0822",
    "https://cdn.skypack.dev/-/pouchdb-collections@v7.3.0-KI6SvylZjJ3eNzTohFa8/dist=es2020,mode=imports/optimized/pouchdb-collections.js": "39839b991a36d9cfe2f5d48349b388718376cb4c4e4604d71827a0a3cc354b3e",
    "https://cdn.skypack.dev/-/pouchdb-core@v7.3.0-89HuCNEcWBT7jv1msAf2/dist=es2020,mode=imports/optimized/pouchdb-core.js": "79c76ce4ff837d22497b937f8fc38753231c88b9e6909b8ad5ea84b1592d5cc7",
    "https://cdn.skypack.dev/-/pouchdb-errors@v7.3.0-b2kOuuJlfogCqGmKJ3cE/dist=es2020,mode=imports/optimized/pouchdb-errors.js": "1929c3baa144a4e695b13b0619730f926a47d2fc75db23797080630f6e10d446",
    "https://cdn.skypack.dev/-/pouchdb-fetch@v7.3.0-l6TNSgCRVLaoNt6NIhoj/dist=es2020,mode=imports/optimized/pouchdb-fetch.js": "f86a93cdde25a99f2a367bf37c59f3868e5849bbf86fade930934fd009164ae2",
    "https://cdn.skypack.dev/-/pouchdb-generate-replication-id@v7.3.0-92wIMCAEIhWHlL6vvzqO/dist=es2020,mode=imports/optimized/pouchdb-generate-replication-id.js": "204a6af729435d6ef8ae964ab580f43465857f396a723ba24496df1644ba1195",
    "https://cdn.skypack.dev/-/pouchdb-json@v7.3.0-QrCWWu9xBqDiiAjgY3qI/dist=es2020,mode=imports/optimized/pouchdb-json.js": "a94720f3fa6bd1e2d29b809dd3535f86d089b42a6562649daf4873af7214898d",
    "https://cdn.skypack.dev/-/pouchdb-mapreduce-utils@v7.3.0-uk0yBIwcmUN7Ynh9k0mR/dist=es2020,mode=imports/optimized/pouchdb-mapreduce-utils.js": "37c6bd3ca695e4d56568849f4ae1f8f3f8825efcc7208de6e8bbf822b37df09b",
    "https://cdn.skypack.dev/-/pouchdb-mapreduce@v7.3.0-IEG2Gq1jfS0hW8QXVXqd/dist=es2020,mode=imports/optimized/pouchdb-mapreduce.js": "e3ed446100872faa2d2ed25fa05b82a833b5d4d96e20006334484377438d6d8d",
    "https://cdn.skypack.dev/-/pouchdb-md5@v7.3.0-0HU1827yDgECvXSzkhzH/dist=es2020,mode=imports/optimized/pouchdb-md5.js": "99b13350416e213a9c02ee3e4da24f8d0489365f52c93b6230d1a6638dc43c5a",
    "https://cdn.skypack.dev/-/pouchdb-merge@v7.3.0-vvgzG4W7pg25SW1phNqO/dist=es2020,mode=imports/optimized/pouchdb-merge.js": "aa659cd592e7f0db62244de2db64d966a23f3314fa083c4034626fc300eae9e5",
    "https://cdn.skypack.dev/-/pouchdb-replication@v7.3.0-1sg1NWcwDf6gKFeXsMmq/dist=es2020,mode=imports/optimized/pouchdb-replication.js": "50a23799d9672b7c35811962aa353ab219429dc24e7817fa553ee4d3cb7e9b48",
    "https://cdn.skypack.dev/-/pouchdb-selector-core@v7.3.0-HnJHYQOVROLoDb3C4d0W/dist=es2020,mode=imports/optimized/pouchdb-selector-core.js": "ff34b9d2a1ae288a0d41877b6b690f70a6b03b03646a4ebbd1b4e1d5ceba91e3",
    "https://cdn.skypack.dev/-/pouchdb-utils@v7.3.0-lHJj9wXpdEf2oG8XiJXZ/dist=es2020,mode=imports/optimized/pouchdb-utils.js": "37b766c97103f10093a727687f098a28ca8cbeae268d70bcd901d0e9b49e2fce",
    "https://cdn.skypack.dev/-/pouchdb@v7.3.0-bcA2ZAvx5a5vy7YRYZRz/dist=es2020,mode=imports/unoptimized/dist/pouchdb.find.js": "d4119c6abf1784f696516fae1f877afb966dd4cfd24d5cfd1af67acf94d4bb93",
    "https://cdn.skypack.dev/-/pouchdb@v7.3.0-bcA2ZAvx5a5vy7YRYZRz/dist=es2020,mode=imports/unoptimized/dist/pouchdb.indexeddb.js": "6a3702543f111203bf7aa6ce2e46e4d43ee5a8af3e3bc62b2450b5eeab98440d",
    "https://cdn.skypack.dev/-/pouchdb@v7.3.0-bcA2ZAvx5a5vy7YRYZRz/dist=es2020,mode=imports/unoptimized/dist/pouchdb.memory.js": "320f1d95baafc704ebace29422a81e4e9590d05126b8b452eac7a9d73a98d168",
    "https://cdn.skypack.dev/-/regenerator-runtime@v0.13.9-4Dxus9nU31cBsHxnWq2H/dist=es2020,mode=imports/optimized/regenerator-runtime.js": "9d5c28ca64c45a9e606d5f3b35aec61568ed451495968171c8cc3ef1923cb7fe",
    "https://cdn.skypack.dev/-/spark-md5@v3.0.2-31IazxoH2otDpq6Lubie/dist=es2020,mode=imports/optimized/spark-md5.js": "ac666d651e859b06a3b252cb250066834bb42952042ce19b9912008b912580dd",
    "https://cdn.skypack.dev/-/uuid@v8.3.2-XAQ9X05vJqvKpZccxFGc/dist=es2020,mode=imports/optimized/uuid.js": "2269db8209b0d0e0430b48430585ef0dfe4388c020b7d371643f318a3b795164",
    "https://cdn.skypack.dev/-/vuvuzela@v1.0.3-Fudn0YxONVgYHwntZdNF/dist=es2020,mode=imports/optimized/vuvuzela.js": "71c6d000d344162f3ec11eee7d404ed11be9c8d09252ddc1c42741a22913bad0",
    "https://cdn.skypack.dev/pin/indexeddbshim@v9.0.0-QVaW8rBIOGlJegwkWTsK/mode=imports/unoptimized/dist/indexeddbshim-noninvasive.js": "978a698ccf50ce19735b1da6cad00277cc8fc790610df183c61c2f9cc1df9c9b",
    "https://cdn.skypack.dev/pin/pouchdb-adapter-http@v7.3.0-wNzBHi1B5WLNzMPlTnWb/mode=imports/optimized/pouchdb-adapter-http.js": "3a1e37be5f4cc866b4f8cc91aca474e0ee58d489bf77f352a770b48ca67782a6",
    "https://cdn.skypack.dev/pin/pouchdb-adapter-idb@v7.3.0-zIdGq675NuTdgkAjGFSh/mode=imports/optimized/pouchdb-adapter-idb.js": "76bd6a4758f5c20caa03cba2b52a7345d5d724393bda93b82131342461d300d4",
    "https://cdn.skypack.dev/pin/pouchdb-core@v7.3.0-89HuCNEcWBT7jv1msAf2/mode=imports/optimized/pouchdb-core.js": "66ab654df46ef713bc9822010e2a9be5caa974ece65a88f72e10951836da3b99",
    "https://cdn.skypack.dev/pin/pouchdb-mapreduce@v7.3.0-IEG2Gq1jfS0hW8QXVXqd/mode=imports/optimized/pouchdb-mapreduce.js": "e6d57d046d89e21e2102bee9e25612e2bf7209b707176dcc7cabc0a563d61acb",
    "https://cdn.skypack.dev/pin/pouchdb-replication@v7.3.0-1sg1NWcwDf6gKFeXsMmq/mode=imports/optimized/pouchdb-replication.js": "79cdcfeefc7ac944e1cd1f80de270b1f8b78a4d7eafc4076902526c3255d2a25",
    "https://cdn.skypack.dev/pin/pouchdb@v7.3.0-bcA2ZAvx5a5vy7YRYZRz/mode=imports/unoptimized/dist/pouchdb.find.js": "405eb07824af0b741c87b2995286c5fbc5b09f0784b0afabcd9321cda1439748",
    "https://cdn.skypack.dev/pin/pouchdb@v7.3.0-bcA2ZAvx5a5vy7YRYZRz/mode=imports/unoptimized/dist/pouchdb.indexeddb.js": "17dfd5b4c782e8029934c5560cf797e48c7fb146bbf528823cf84ab3565e0e93",
    "https://cdn.skypack.dev/pin/pouchdb@v7.3.0-bcA2ZAvx5a5vy7YRYZRz/mode=imports/unoptimized/dist/pouchdb.memory.js": "88ba4da511e89091bb2e3b21e64c74052d8a9c5676ff8902637ed1db71950370",
    "https://cdn.skypack.dev/pin/regenerator-runtime@v0.13.9-4Dxus9nU31cBsHxnWq2H/mode=imports/optimized/regenerator-runtime.js": "091dd6c5266025b80081cdd5bbadd9f6e03cad950c8a16c7454b58d77b422253",
    "https://deno.land/std@0.106.0/fmt/colors.ts": "d2f8355f00a74404668fc5a1e4a92983ce1a9b0a6ac1d40efbd681cb8f519586",
    "https://deno.land/std@0.136.0/_util/assert.ts": "e94f2eb37cebd7f199952e242c77654e43333c1ac4c5c700e929ea3aa5489f74",
    "https://deno.land/std@0.136.0/_util/os.ts": "49b92edea1e82ba295ec946de8ffd956ed123e2948d9bd1d3e901b04e4307617",
    "https://deno.land/std@0.136.0/path/_constants.ts": "df1db3ffa6dd6d1252cc9617e5d72165cd2483df90e93833e13580687b6083c3",
    "https://deno.land/std@0.136.0/path/_interface.ts": "ee3b431a336b80cf445441109d089b70d87d5e248f4f90ff906820889ecf8d09",
    "https://deno.land/std@0.136.0/path/_util.ts": "c1e9686d0164e29f7d880b2158971d805b6e0efc3110d0b3e24e4b8af2190d2b",
    "https://deno.land/std@0.136.0/path/common.ts": "bee563630abd2d97f99d83c96c2fa0cca7cee103e8cb4e7699ec4d5db7bd2633",
    "https://deno.land/std@0.136.0/path/glob.ts": "cb5255638de1048973c3e69e420c77dc04f75755524cb3b2e160fe9277d939ee",
    "https://deno.land/std@0.136.0/path/mod.ts": "4275129bb766f0e475ecc5246aa35689eeade419d72a48355203f31802640be7",
    "https://deno.land/std@0.136.0/path/posix.ts": "293cdaec3ecccec0a9cc2b534302dfe308adb6f10861fa183275d6695faace44",
    "https://deno.land/std@0.136.0/path/separator.ts": "fe1816cb765a8068afb3e8f13ad272351c85cbc739af56dacfc7d93d710fe0f9",
    "https://deno.land/std@0.136.0/path/win32.ts": "31811536855e19ba37a999cd8d1b62078235548d67902ece4aa6b814596dd757",
    "https://deno.land/std@0.182.0/fmt/colors.ts": "d67e3cd9f472535241a8e410d33423980bec45047e343577554d3356e1f0ef4e",
    "https://deno.land/std@0.182.0/testing/_diff.ts": "1a3c044aedf77647d6cac86b798c6417603361b66b54c53331b312caeb447aea",
    "https://deno.land/std@0.182.0/testing/_format.ts": "a69126e8a469009adf4cf2a50af889aca364c349797e63174884a52ff75cf4c7",
    "https://deno.land/std@0.182.0/testing/asserts.ts": "e16d98b4d73ffc4ed498d717307a12500ae4f2cbe668f1a215632d19fcffc22f",
    "https://deno.land/std@0.185.0/_util/asserts.ts": "178dfc49a464aee693a7e285567b3d0b555dc805ff490505a8aae34f9cfb1462",
    "https://deno.land/std@0.185.0/_util/os.ts": "d932f56d41e4f6a6093d56044e29ce637f8dcc43c5a90af43504a889cf1775e3",
    "https://deno.land/std@0.185.0/async/abortable.ts": "fd682fa46f3b7b16b4606a5ab52a7ce309434b76f820d3221bdfb862719a15d7",
    "https://deno.land/std@0.185.0/async/deadline.ts": "c5facb0b404eede83e38bd2717ea8ab34faa2ffb20ef87fd261fcba32ba307aa",
    "https://deno.land/std@0.185.0/async/debounce.ts": "adab11d04ca38d699444ac8a9d9856b4155e8dda2afd07ce78276c01ea5a4332",
    "https://deno.land/std@0.185.0/async/deferred.ts": "42790112f36a75a57db4a96d33974a936deb7b04d25c6084a9fa8a49f135def8",
    "https://deno.land/std@0.185.0/async/delay.ts": "73aa04cec034c84fc748c7be49bb15cac3dd43a57174bfdb7a4aec22c248f0dd",
    "https://deno.land/std@0.185.0/async/mod.ts": "f04344fa21738e5ad6bea37a6bfffd57c617c2d372bb9f9dcfd118a1b622e576",
    "https://deno.land/std@0.185.0/async/mux_async_iterator.ts": "70c7f2ee4e9466161350473ad61cac0b9f115cff4c552eaa7ef9d50c4cbb4cc9",
    "https://deno.land/std@0.185.0/async/pool.ts": "fd082bd4aaf26445909889435a5c74334c017847842ec035739b4ae637ae8260",
    "https://deno.land/std@0.185.0/async/retry.ts": "dd19d93033d8eaddbfcb7654c0366e9d3b0a21448bdb06eba4a7d8a8cf936a92",
    "https://deno.land/std@0.185.0/async/tee.ts": "47e42d35f622650b02234d43803d0383a89eb4387e1b83b5a40106d18ae36757",
    "https://deno.land/std@0.185.0/datetime/to_imf.ts": "8f9c0af8b167031ffe2e03da01a12a3b0672cc7562f89c61942a0ab0129771b2",
    "https://deno.land/std@0.185.0/encoding/base64.ts": "144ae6234c1fbe5b68666c711dc15b1e9ee2aef6d42b3b4345bf9a6c91d70d0d",
    "https://deno.land/std@0.185.0/http/_negotiation/common.ts": "14d1a52427ab258a4b7161cd80e1d8a207b7cc64b46e911780f57ead5f4323c6",
    "https://deno.land/std@0.185.0/http/_negotiation/encoding.ts": "ff747d107277c88cb7a6a62a08eeb8d56dad91564cbcccb30694d5dc126dcc53",
    "https://deno.land/std@0.185.0/http/_negotiation/language.ts": "7bcddd8db3330bdb7ce4fc00a213c5547c1968139864201efd67ef2d0d51887d",
    "https://deno.land/std@0.185.0/http/_negotiation/media_type.ts": "58847517cd549384ad677c0fe89e0a4815be36fe7a303ea63cee5f6a1d7e1692",
    "https://deno.land/std@0.185.0/http/cookie.ts": "934f92d871d50852dbd7a836d721df5a9527b14381db16001b40991d30174ee4",
    "https://deno.land/std@0.185.0/http/cookie_map.ts": "d148a5eaf35f19905dd5104126fa47ac71105306dd42f129732365e43108b28a",
    "https://deno.land/std@0.185.0/http/http_status.ts": "8a7bcfe3ac025199ad804075385e57f63d055b2aed539d943ccc277616d6f932",
    "https://deno.land/std@0.185.0/http/negotiation.ts": "46e74a6bad4b857333a58dc5b50fe8e5a4d5267e97292293ea65f980bd918086",
    "https://deno.land/std@0.185.0/http/server.ts": "cbb17b594651215ba95c01a395700684e569c165a567e4e04bba327f41197433",
    "https://deno.land/std@0.185.0/media_types/_db.ts": "7606d83e31f23ce1a7968cbaee852810c2cf477903a095696cdc62eaab7ce570",
    "https://deno.land/std@0.185.0/media_types/_util.ts": "916efbd30b6148a716f110e67a4db29d6949bf4048997b754415dd7e42c52378",
    "https://deno.land/std@0.185.0/media_types/content_type.ts": "ad98a5aa2d95f5965b2796072284258710a25e520952376ed432b0937ce743bc",
    "https://deno.land/std@0.185.0/media_types/format_media_type.ts": "f5e1073c05526a6f5a516ac5c5587a1abd043bf1039c71cde1166aa4328c8baf",
    "https://deno.land/std@0.185.0/media_types/get_charset.ts": "18b88274796fda5d353806bf409eb1d2ddb3f004eb4bd311662c4cdd8ac173db",
    "https://deno.land/std@0.185.0/media_types/parse_media_type.ts": "835c4112e1357e95b4f10d7cdea5ae1801967e444f48673ff8f1cb4d32af9920",
    "https://deno.land/std@0.185.0/media_types/type_by_extension.ts": "daa801eb0f11cdf199445d0f1b656cf116d47dcf9e5b85cc1e6b4469f5ee0432",
    "https://deno.land/std@0.185.0/media_types/vendor/mime-db.v1.52.0.ts": "6925bbcae81ca37241e3f55908d0505724358cda3384eaea707773b2c7e99586",
    "https://deno.land/std@0.185.0/path/_constants.ts": "e49961f6f4f48039c0dfed3c3f93e963ca3d92791c9d478ac5b43183413136e0",
    "https://deno.land/std@0.185.0/path/_interface.ts": "6471159dfbbc357e03882c2266d21ef9afdb1e4aa771b0545e90db58a0ba314b",
    "https://deno.land/std@0.185.0/path/_util.ts": "d7abb1e0dea065f427b89156e28cdeb32b045870acdf865833ba808a73b576d0",
    "https://deno.land/std@0.185.0/path/common.ts": "ee7505ab01fd22de3963b64e46cff31f40de34f9f8de1fff6a1bd2fe79380000",
    "https://deno.land/std@0.185.0/path/glob.ts": "d479e0a695621c94d3fd7fe7abd4f9499caf32a8de13f25073451c6ef420a4e1",
    "https://deno.land/std@0.185.0/path/mod.ts": "bf718f19a4fdd545aee1b06409ca0805bd1b68ecf876605ce632e932fe54510c",
    "https://deno.land/std@0.185.0/path/posix.ts": "8b7c67ac338714b30c816079303d0285dd24af6b284f7ad63da5b27372a2c94d",
    "https://deno.land/std@0.185.0/path/separator.ts": "0fb679739d0d1d7bf45b68dacfb4ec7563597a902edbaf3c59b50d5bcadd93b1",
    "https://deno.land/std@0.185.0/path/win32.ts": "d186344e5583bcbf8b18af416d13d82b35a317116e6460a5a3953508c3de5bba",
    "https://deno.land/std@0.97.0/fmt/colors.ts": "db22b314a2ae9430ae7460ce005e0a7130e23ae1c999157e3bb77cf55800f7e4",
    "https://deno.land/std@0.97.0/testing/_diff.ts": "961eaf6d9f5b0a8556c9d835bbc6fa74f5addd7d3b02728ba7936ff93364f7a3",
    "https://deno.land/std@0.97.0/testing/asserts.ts": "341292d12eebc44be4c3c2ca101ba8b6b5859cef2fa69d50c217f9d0bfbcfd1f",
    "https://deno.land/x/encodeurl@1.0.0/mod.ts": "b797af240fd3c4b3876b3f32b8c2404601e5503c4a10afa719e54815056685d8",
    "https://deno.land/x/escape_html@1.0.0/mod.ts": "fd6671533b7f8bbf267047e3d1a20786837b3285c31552fa5f82f1e34f6e37c3",
    "https://deno.land/x/expect@v0.2.9/expect.ts": "128c60f94ff3f977e2a649463238e403f9bdb8e6ab77e65214c0236bd61b0111",
    "https://deno.land/x/expect@v0.2.9/matchers.ts": "ba7360b73c5031a22449fa98eb4d5dbe7f256a88dd4c22ccae96dc6c01f0b19c",
    "https://deno.land/x/expect@v0.2.9/mock.ts": "562d4b1d735d15b0b8e935f342679096b64fe452f86e96714fe8616c0c884914",
    "https://deno.land/x/expect@v0.2.9/mod.ts": "0304d2430e1e96ba669a8495e24ba606dcc3d152e1f81aaa8da898cea24e36c2",
    "https://deno.land/x/expect@v0.3.0/expect.ts": "5e6717eddc9df376f7b2c9be6403e016130bb2edbb1acd261a2d6ea9608ee196",
    "https://deno.land/x/expect@v0.3.0/matchers.ts": "a37ef4577739247af77a852cdcd69484f999a41ad86ec16bb63a88a7a47a2372",
    "https://deno.land/x/expect@v0.3.0/mock.ts": "562d4b1d735d15b0b8e935f342679096b64fe452f86e96714fe8616c0c884914",
    "https://deno.land/x/expect@v0.3.0/mod.ts": "0304d2430e1e96ba669a8495e24ba606dcc3d152e1f81aaa8da898cea24e36c2",
    "https://deno.land/x/forwarded@0.1.11/mod.ts": "d7741d2c094837f76309b6f8ed0d2d0669c2f4c52ed7e9bbe35647c4ddf6f9f7",
    "https://deno.land/x/free_port@v1.2.0/mod.ts": "512646732aaea41fbfd1f210f3ae82660f38251777d189d290da331d0235a58e",
    "https://deno.land/x/indexeddb@1.3.4/lib/indexeddb.ts": "6d8eeec0c4074ed2e3ed5ae3c99e3b66703f772c791279d052680fe3b334de2d",
    "https://deno.land/x/indexeddb@1.3.4/lib/indexeddb_global.ts": "88269f2c9c97dbcb5641706bb17d14500eddb209da0fc8822ee4bbb5e57359f8",
    "https://deno.land/x/indexeddb@1.3.4/lib/shim.ts": "8b98a9395134220ac9dfe7314c3e27f37feffec0cab37dbf557f06f118b6eaad",
    "https://deno.land/x/indexeddb@1.3.4/polyfill.ts": "6a95a487f94d89f36f0d9255ee4ad916afc0fada8edb695f258f975c525ced22",
    "https://deno.land/x/isIP@1.0.0/mod.ts": "bd55c2180f7275930d9b1ef0b8f031108625ae3f9b87a1fa75cc8ee15d485ff8",
    "https://deno.land/x/isx@1.1.1/is_number.ts": "27899cf8c67f304a2d0b635c0787d5197d7a5315525e7b98176b389139b5695a",
    "https://deno.land/x/isx@1.1.1/is_string.ts": "268254eab5f8dbc09ee879eb53675813cdc5350207dde436d457cb34462cc857",
    "https://deno.land/x/isx@1.1.1/is_undefined.ts": "561d7787e74bc56f83870df386bd0ed81d8006f2ee0062cf8903589fc89c51ac",
    "https://deno.land/x/isx@1.1.1/iterable/is_not_empty.ts": "7e0417b5d6a2d58cc5a446e0f55b8188504873ede0dbea19c5316ed9e21dad08",
    "https://deno.land/x/isx@1.1.1/number/is_non_negative_integer.ts": "ce7b63f40d22bd5575f008f370493e1ce4e5305f59144fb6362a459a2b13ccf1",
    "https://deno.land/x/media_typer@1.0.1/mod.ts": "01aebf79f0ecf43897a663dca9730d2dbd2a698eac9d297a6ac26b4b647bb7cc",
    "https://deno.land/x/negotiator@1.0.1/mod.ts": "d8b28a0a7b2d75c944cebef8f87a58eeb344974d432fe0dea85e2d98e03daf24",
    "https://deno.land/x/negotiator@1.0.1/src/charset.ts": "ca9e78c774c59fed90e31eed9901b6ac78348cbba1adbba71364abdf56dce7e0",
    "https://deno.land/x/negotiator@1.0.1/src/encoding.ts": "bd3e980c10de08798192cd56f1913e0c9f9be2b56391d7b4213f448cc94a0140",
    "https://deno.land/x/negotiator@1.0.1/src/language.ts": "bd822581a7621bbe8c3157d38b4f1ec5a35d75eb58bf6be927d477d929e689a2",
    "https://deno.land/x/negotiator@1.0.1/src/media_type.ts": "bde7a0f6a276fdb3b72569832ca6050ce5bcacad9d493029239af768bd06149f",
    "https://deno.land/x/negotiator@1.0.1/src/types.ts": "3f2a779b3432bd5e2942965f326d82962e7e9b7a72b30fd81aeb0128f898303d",
    "https://deno.land/x/parsec@0.2.1/mod.ts": "1e038b0dd3c1d82d8b8fbd84373d03428c6edc2bae3c1f917bc81401c9327488",
    "https://deno.land/x/pouchdb_deno@2.1.3-PouchDB+7.3.0/modules/pouchdb/mod.ts": "b4e222fc2bd757a612681b042942ab439c29d3fc209f7c64174017d96821b149",
    "https://deno.land/x/pouchdb_deno@2.1.3-PouchDB+7.3.0/modules/pouchdb_adapter_idb/mod.ts": "695e275de73379958cbad18a16ead7574fd145027437fbbbd0e9c093d1ee7791",
    "https://deno.land/x/pouchdb_deno@2.1.3-PouchDB+7.3.0/modules/pouchdb_adapter_indexeddb/mod.ts": "6ea5731b36637d7e4bcb8bd1fb8424648def9298c0fd112cf07f9c927259a8f3",
    "https://deno.land/x/pouchdb_deno@2.1.3-PouchDB+7.3.0/modules/pouchdb_adapter_memory/mod.ts": "3bf6d589e9e26111b9fc426fa5dd95653d6ee1a5e72bd8f690611e8d8bc6940a",
    "https://deno.land/x/pouchdb_deno@2.1.3-PouchDB+7.3.0/modules/pouchdb_deno_utils/capture_plugin.ts": "1e3c1fb0cb7406c8424affaa43ba4cd00378f2aa9b907ec62931fe6eb2e9112d",
    "https://deno.land/x/pouchdb_deno@2.1.3-PouchDB+7.3.0/modules/pouchdb_plugin_find/mod.ts": "cba575e0648b2f14b91e8df36961ecc55a7fb0822732ae11d911682b783215ca",
    "https://deno.land/x/pouchdb_deno@2.1.3-PouchDB+7.3.0/modules/pouchdb_plugin_upsert/mod.ts": "ba4f42ef9570e63bdf1cf7d760688e2003e7acfd8c9a9e137ac9d6e885ef00f7",
    "https://deno.land/x/pouchdb_deno@2.1.3-PouchDB+7.3.0/modules/pouchdb_types/debug.d.ts": "aa0dae51ceaef54b1622ca957aedbc5d43fa0e754a55b8dc89eafbf5fb251512",
    "https://deno.land/x/pouchdb_deno@2.1.3-PouchDB+7.3.0/modules/pouchdb_types/ms.d.ts": "c4c868a268d20e2c678cfafd1524b6548776d80885089870960737623ec00b50",
    "https://deno.land/x/pouchdb_deno@2.1.3-PouchDB+7.3.0/modules/pouchdb_types/pouchdb.ts": "a0bbe475adbd1d80dca17884f65b56c29861d578a49baac927834ce51ecfc739",
    "https://deno.land/x/prelude_js@1.0.0/trim.ts": "9e839053220bee1c5673026ccf4ddba475c3b982b3284b1d6b86e5440821de61",
    "https://deno.land/x/proxy_addr@0.1.3/mod.ts": "742cb81e2e8e304c4cbe4f518e13b14fb1683eb075d70b75c211d406702a2e8c",
    "https://deno.land/x/range_parser@1.2.0/deps.ts": "b250c816b454f719e84b80d5a64fcc103077d2539aa4c5049777cc0e26ab31e1",
    "https://deno.land/x/range_parser@1.2.0/parse.ts": "bff5f5a5283ad64f8c7635c9a5c02e1a6b316dad7c4d6a73b92415ca7386e8f5",
    "https://deno.land/x/range_parser@1.2.0/types.ts": "c84235550dd48cbd09e210d0593aad1ca620638600388bdc01700488bbc2f890",
    "https://deno.land/x/range_parser@1.2.0/validate.ts": "2cacbd9024428a05fe35b8ada1b85daa648ba6dfbb2275ac7b4b05823a08d61b",
    "https://deno.land/x/sqlite@v3.3.0/build/sqlite.d.ts": "b52e6b5ea2e0517750be2ea1eae8da0edd5056c1f285247aa1c0153f4ef504ec",
    "https://deno.land/x/sqlite@v3.3.0/build/sqlite.js": "0b74712a5db206aa399f9833c40fd08eb24dfaff5dee77749e4bcadb333ec676",
    "https://deno.land/x/sqlite@v3.3.0/build/vfs.js": "baff72655c0916c906327fe6703c6a47daa1346e55c2eaa2629bcd879a673c8d",
    "https://deno.land/x/sqlite@v3.3.0/mod.ts": "eb55ff3e103826ee735fa1a8ec2db6e96c8fec826faf198239c66a0fe635c4b6",
    "https://deno.land/x/sqlite@v3.3.0/src/constants.ts": "b967237b460fafa03ca03aeddb33953bed41c7cbdc309a934e2329a5c84079ac",
    "https://deno.land/x/sqlite@v3.3.0/src/db.ts": "59b9c4fbe733da0e512dcd6b1f1f6a5ac8b165b565505670e9b81a73803dd36a",
    "https://deno.land/x/sqlite@v3.3.0/src/error.ts": "abf9df169951faf8c21a68d99ef9efd257c788c19784f27dd147507fbdfe5fe7",
    "https://deno.land/x/sqlite@v3.3.0/src/query.ts": "df4d3d6b23d52b36243dd47c07ed6ed7cd23f7834a0f6a2f2c6dbffba63d4c28",
    "https://deno.land/x/sqlite@v3.3.0/src/wasm.ts": "e79d0baa6e42423257fb3c7cc98091c54399254867e0f34a09b5bdef37bd9487",
    "https://deno.land/x/status@0.1.0/codes.ts": "4770829290f22ec25af4db680cc05db6ae2248540e66998637b036fda0717254",
    "https://deno.land/x/status@0.1.0/maps.ts": "74d51c705716efc58d4110837b988579134ad07da4ed64c99b7443bea43eac95",
    "https://deno.land/x/status@0.1.0/status.ts": "5252fa9cf5fe13f10d97a273b8461d4ae88ed66ec3e3af90b04775cae224084d",
    "https://deno.land/x/superfetch@1.0.4/deps.ts": "dd5b09bea472d8c533322836f3339332d48cd97c5c8b122ab0366933a07a8e19",
    "https://deno.land/x/superfetch@1.0.4/mod.ts": "81af856da636fae38f5a3d468b8a04912faf37ce6791098148aa2a9609b662ee",
    "https://deno.land/x/superfetch@1.0.4/types.ts": "6f4cc8eb685320002138980dd0893f5eeafe2a9725c8918f8dc21743f99e6b18",
    "https://deno.land/x/tincan@1.0.1/mod.ts": "9473507398048cb24dbb37b3a220777106c69c28d573898648deb2bb84a7e131",
    "https://deno.land/x/tincan@1.0.1/src/deps.ts": "b02ae57b7ab5035b903f2526b278c26a301e05242668a77eb9e2e82011b651aa",
    "https://deno.land/x/tincan@1.0.1/src/environment.ts": "1096dc35b77ee070bba03584489f71c446574d3a7676936ab0bb4aed507d7e27",
    "https://deno.land/x/tincan@1.0.1/src/mod.ts": "faf52271dbf61ff40b29d60e1d4f8d80f4ad167beebc40905d16779617d07463",
    "https://deno.land/x/tincan@1.0.1/src/nodes/mod.ts": "c22f058dd205d10c3b261c9afdbcd95a8eb807401e822f9c899cca2ab0f16473",
    "https://deno.land/x/tincan@1.0.1/src/nodes/nodes.ts": "a8b8b3178868c8b13a6d4d0c96cb41e4c1df48719a8cd2977495af9f9352ab04",
    "https://deno.land/x/tincan@1.0.1/src/nodes/tree.ts": "c119fb6a2ee1fe9833b70111382cc8d9a3f5b875b4bb65a0e8774d919193faa3",
    "https://deno.land/x/tincan@1.0.1/src/nodes/utilities.ts": "5e6a6f0e2650df4e10f7dfde889ef88a588fe9c3b3618aca2acd47e80b3ee3d8",
    "https://deno.land/x/tincan@1.0.1/src/reporter.ts": "84e09297da18c840076be951c02c749678b75dc89b2575f34db1378cbb509939",
    "https://deno.land/x/tincan@1.0.1/src/runner.ts": "54e1a0934a52469437bd4655df51f0c9148327d94a2b0d6c175f6f992a697b86",
    "https://deno.land/x/vary@1.0.0/mod.ts": "e7c452694b21336419f16e0891f8ea503adaafc7bde956fb29e1a86f450a68e6",
    "https://deno.land/x/websql@1.3.2/deps.ts": "2bda07c0ee0eae5f23b5dde415c983c59fb945256f5a9026402eb9118945c025",
    "https://deno.land/x/websql@1.3.2/mod.ts": "e7a44b9f376761e5592facd30ed27acae47633275a32eed57cd64f16a461222f",
    "https://deno.land/x/websql@1.3.2/src/Database.ts": "ed5f8ae33165d2dd9c3ea1be0b427377628f9437bfe49bfabc32efb3908dc1d5",
    "https://deno.land/x/websql@1.3.2/src/SQLResultSet.ts": "fcd83582439c0032794fa26bbbe9e47790467fa5ef1cba1c8a9fddb334f23bf1",
    "https://deno.land/x/websql@1.3.2/src/SQLResultSetRowList.ts": "d13bda459cc73bc7e4d596a0411f1e4647d1204a8fddfd42a51720a20d4bf562",
    "https://deno.land/x/websql@1.3.2/src/SQLTransaction.ts": "bda17665d54793976957af94a300834e5f07ee546d67e919f14da2a7f77fc797",
    "https://deno.land/x/websql@1.3.2/src/SQLiteDBCache.ts": "0c5a67598e39e54c317b40fff3ffc9945e5a9ed0b0c91b5d8a2b379d59c4f4a4",
    "https://esm.sh/@tinyhttp/content-disposition@2.0.9": "471c61f01654f94d176b996ac7f3549e907a06df6dac0b81787c316055efdada",
    "https://esm.sh/ipaddr.js@2.0.1": "f2c90abe63a8f8c30d0b4e64bef4a9828accae3b0d7fce6c3afbed74be18a546",
    "https://esm.sh/v119/@tinyhttp/content-disposition@2.0.9/deno/content-disposition.mjs": "ee7f64a29f0d2f838e0b66de805b380e1b65b215af4704633f7767543f297e12",
    "https://esm.sh/v119/@tinyhttp/content-disposition@2.0.9/dist/index.d.ts": "6d54da4270da92bf75e444a0d7d54ccbd71fcca5bb69916e3edd696985f985ac",
    "https://esm.sh/v119/ipaddr.js@2.0.1/deno/ipaddr.mjs": "774ed6749a35b0e19baf8c37eeadb7972827caf8eb42c67781326c8a55566117",
    "https://esm.sh/v119/ipaddr.js@2.0.1/lib/ipaddr.js.d.ts": "abec029acbf1ce8b3f4c0df9bac07152f011e9034e83ab5ed6142331776b9995"
  }
}
